
Microsoft Visual Studio Solution File, Format Version 12.00
# Visual Studio Version 17
VisualStudioVersion = 17.13.35825.156
MinimumVisualStudioVersion = 10.0.40219.1
Project("{2150E333-8FDC-42A3-9474-1A3956D46DE8}") = "Building Blocks", "Building Blocks", "{02EA681E-C7D8-13C7-8484-4AC65E1B71E8}"
EndProject
Project("{2150E333-8FDC-42A3-9474-1A3956D46DE8}") = "Core", "Core", "{F3092435-A9D9-4937-B1A1-9A90FA2FDD18}"
EndProject
Project("{2150E333-8FDC-42A3-9474-1A3956D46DE8}") = "Services", "Services", "{AB3E77C4-A5B6-43FB-ABD0-4E2C9F566586}"
EndProject
Project("{2150E333-8FDC-42A3-9474-1A3956D46DE8}") = "ApiGateways", "ApiGateways", "{C9BA4A2E-251D-4E44-9DE6-988A9DE5EA47}"
EndProject
Project("{2150E333-8FDC-42A3-9474-1A3956D46DE8}") = "Web", "Web", "{96E918F2-C777-4010-BEDD-5C2F5FD58714}"
EndProject
Project("{2150E333-8FDC-42A3-9474-1A3956D46DE8}") = "Tests", "Tests", "{77E19C76-66B3-43A5-A8C0-F442516B3F5C}"
EndProject
Project("{2150E333-8FDC-42A3-9474-1A3956D46DE8}") = "Students", "Students", "{0D955974-3F8A-499C-A563-B656443FD6C6}"
EndProject
Project("{2150E333-8FDC-42A3-9474-1A3956D46DE8}") = "Courses", "Courses", "{62D05C79-9B81-4B2A-A450-62FF67DA3F33}"
EndProject
Project("{2150E333-8FDC-42A3-9474-1A3956D46DE8}") = "Payments", "Payments", "{A3505243-AB29-475E-BAFC-1E19BCE46EA2}"
EndProject
Project("{2150E333-8FDC-42A3-9474-1A3956D46DE8}") = "Auth", "Auth", "{64FDA4BD-9A2A-4E8B-88DF-5287C31345E5}"
EndProject
Project("{9A19103F-16F7-4668-BE54-9A1E7A4F7556}") = "AcademyIO.Core", "src\building-blocks\AcademyIO.Core\AcademyIO.Core.csproj", "{DAA84DD3-3AEE-487A-A64B-6FE1B65325FF}"
EndProject
Project("{9A19103F-16F7-4668-BE54-9A1E7A4F7556}") = "AcademyIO.Students.API", "src\services\AcademyIO.Students.API\AcademyIO.Students.API.csproj", "{E8EBBDF4-7938-41A6-8820-C01B9462244E}"
EndProject
Project("{9A19103F-16F7-4668-BE54-9A1E7A4F7556}") = "AcademyIO.Courses.API", "src\services\AcademyIO.Courses.API\AcademyIO.Courses.API.csproj", "{94B0852F-614A-4994-B819-2D3E5EBBA72A}"
EndProject
Project("{9A19103F-16F7-4668-BE54-9A1E7A4F7556}") = "AcademyIO.MessageBus", "src\building-blocks\AcademyIO.MessageBus\AcademyIO.MessageBus.csproj", "{1B744A57-9C8F-6783-FCB2-07B1477AAC5B}"
EndProject
Project("{2150E333-8FDC-42A3-9474-1A3956D46DE8}") = "MessageBus", "MessageBus", "{A78D3868-8281-4B18-98D8-A973FE27217D}"
EndProject
Project("{2150E333-8FDC-42A3-9474-1A3956D46DE8}") = "Services", "Services", "{2D4C5773-F2E7-4B04-8F12-46156D856B69}"
EndProject
Project("{9A19103F-16F7-4668-BE54-9A1E7A4F7556}") = "AcademyIO.WebAPI.Core", "src\building-blocks\AcademyIO.WebAPI.Core\AcademyIO.WebAPI.Core.csproj", "{B8920B51-4D2D-8590-6DEC-1970F89EFEC3}"
EndProject
Project("{9A19103F-16F7-4668-BE54-9A1E7A4F7556}") = "AcademyIO.Auth.API", "src\services\AcademyIO.Auth.API\AcademyIO.Auth.API.csproj", "{911A696A-64CB-4143-97FA-6EF2321F2B03}"
EndProject
Project("{9A19103F-16F7-4668-BE54-9A1E7A4F7556}") = "AcademyIO.Payments.API", "src\services\AcademyIO.Payments.API\AcademyIO.Payments.API.csproj", "{B3903B8E-2925-47D5-881A-1B14766229F9}"
EndProject
Project("{9A19103F-16F7-4668-BE54-9A1E7A4F7556}") = "AcademyIO.Bff", "src\api-gateways\AcademyIO.Bff\AcademyIO.Bff.csproj", "{2C5082C0-DDF2-4D77-9190-AFE082DC12AF}"
EndProject
Global
	GlobalSection(SolutionConfigurationPlatforms) = preSolution
		Debug|Any CPU = Debug|Any CPU
		Release|Any CPU = Release|Any CPU
	EndGlobalSection
	GlobalSection(ProjectConfigurationPlatforms) = postSolution
		{DAA84DD3-3AEE-487A-A64B-6FE1B65325FF}.Debug|Any CPU.ActiveCfg = Debug|Any CPU
		{DAA84DD3-3AEE-487A-A64B-6FE1B65325FF}.Debug|Any CPU.Build.0 = Debug|Any CPU
		{DAA84DD3-3AEE-487A-A64B-6FE1B65325FF}.Release|Any CPU.ActiveCfg = Release|Any CPU
		{DAA84DD3-3AEE-487A-A64B-6FE1B65325FF}.Release|Any CPU.Build.0 = Release|Any CPU
		{E8EBBDF4-7938-41A6-8820-C01B9462244E}.Debug|Any CPU.ActiveCfg = Debug|Any CPU
		{E8EBBDF4-7938-41A6-8820-C01B9462244E}.Debug|Any CPU.Build.0 = Debug|Any CPU
		{E8EBBDF4-7938-41A6-8820-C01B9462244E}.Release|Any CPU.ActiveCfg = Release|Any CPU
		{E8EBBDF4-7938-41A6-8820-C01B9462244E}.Release|Any CPU.Build.0 = Release|Any CPU
		{94B0852F-614A-4994-B819-2D3E5EBBA72A}.Debug|Any CPU.ActiveCfg = Debug|Any CPU
		{94B0852F-614A-4994-B819-2D3E5EBBA72A}.Debug|Any CPU.Build.0 = Debug|Any CPU
		{94B0852F-614A-4994-B819-2D3E5EBBA72A}.Release|Any CPU.ActiveCfg = Release|Any CPU
		{94B0852F-614A-4994-B819-2D3E5EBBA72A}.Release|Any CPU.Build.0 = Release|Any CPU
		{1B744A57-9C8F-6783-FCB2-07B1477AAC5B}.Debug|Any CPU.ActiveCfg = Debug|Any CPU
		{1B744A57-9C8F-6783-FCB2-07B1477AAC5B}.Debug|Any CPU.Build.0 = Debug|Any CPU
		{1B744A57-9C8F-6783-FCB2-07B1477AAC5B}.Release|Any CPU.ActiveCfg = Release|Any CPU
		{1B744A57-9C8F-6783-FCB2-07B1477AAC5B}.Release|Any CPU.Build.0 = Release|Any CPU
		{B8920B51-4D2D-8590-6DEC-1970F89EFEC3}.Debug|Any CPU.ActiveCfg = Debug|Any CPU
		{B8920B51-4D2D-8590-6DEC-1970F89EFEC3}.Debug|Any CPU.Build.0 = Debug|Any CPU
		{B8920B51-4D2D-8590-6DEC-1970F89EFEC3}.Release|Any CPU.ActiveCfg = Release|Any CPU
		{B8920B51-4D2D-8590-6DEC-1970F89EFEC3}.Release|Any CPU.Build.0 = Release|Any CPU
		{911A696A-64CB-4143-97FA-6EF2321F2B03}.Debug|Any CPU.ActiveCfg = Debug|Any CPU
		{911A696A-64CB-4143-97FA-6EF2321F2B03}.Debug|Any CPU.Build.0 = Debug|Any CPU
		{911A696A-64CB-4143-97FA-6EF2321F2B03}.Release|Any CPU.ActiveCfg = Release|Any CPU
		{911A696A-64CB-4143-97FA-6EF2321F2B03}.Release|Any CPU.Build.0 = Release|Any CPU
		{B3903B8E-2925-47D5-881A-1B14766229F9}.Debug|Any CPU.ActiveCfg = Debug|Any CPU
		{B3903B8E-2925-47D5-881A-1B14766229F9}.Debug|Any CPU.Build.0 = Debug|Any CPU
		{B3903B8E-2925-47D5-881A-1B14766229F9}.Release|Any CPU.ActiveCfg = Release|Any CPU
		{B3903B8E-2925-47D5-881A-1B14766229F9}.Release|Any CPU.Build.0 = Release|Any CPU
		{2C5082C0-DDF2-4D77-9190-AFE082DC12AF}.Debug|Any CPU.ActiveCfg = Debug|Any CPU
		{2C5082C0-DDF2-4D77-9190-AFE082DC12AF}.Debug|Any CPU.Build.0 = Debug|Any CPU
		{2C5082C0-DDF2-4D77-9190-AFE082DC12AF}.Release|Any CPU.ActiveCfg = Release|Any CPU
		{2C5082C0-DDF2-4D77-9190-AFE082DC12AF}.Release|Any CPU.Build.0 = Release|Any CPU
	EndGlobalSection
	GlobalSection(SolutionProperties) = preSolution
		HideSolutionNode = FALSE
	EndGlobalSection
	GlobalSection(NestedProjects) = preSolution
		{F3092435-A9D9-4937-B1A1-9A90FA2FDD18} = {02EA681E-C7D8-13C7-8484-4AC65E1B71E8}
		{0D955974-3F8A-499C-A563-B656443FD6C6} = {AB3E77C4-A5B6-43FB-ABD0-4E2C9F566586}
		{62D05C79-9B81-4B2A-A450-62FF67DA3F33} = {AB3E77C4-A5B6-43FB-ABD0-4E2C9F566586}
		{A3505243-AB29-475E-BAFC-1E19BCE46EA2} = {AB3E77C4-A5B6-43FB-ABD0-4E2C9F566586}
		{64FDA4BD-9A2A-4E8B-88DF-5287C31345E5} = {AB3E77C4-A5B6-43FB-ABD0-4E2C9F566586}
		{DAA84DD3-3AEE-487A-A64B-6FE1B65325FF} = {F3092435-A9D9-4937-B1A1-9A90FA2FDD18}
		{E8EBBDF4-7938-41A6-8820-C01B9462244E} = {0D955974-3F8A-499C-A563-B656443FD6C6}
		{94B0852F-614A-4994-B819-2D3E5EBBA72A} = {62D05C79-9B81-4B2A-A450-62FF67DA3F33}
		{1B744A57-9C8F-6783-FCB2-07B1477AAC5B} = {A78D3868-8281-4B18-98D8-A973FE27217D}
		{A78D3868-8281-4B18-98D8-A973FE27217D} = {02EA681E-C7D8-13C7-8484-4AC65E1B71E8}
		{2D4C5773-F2E7-4B04-8F12-46156D856B69} = {02EA681E-C7D8-13C7-8484-4AC65E1B71E8}
		{B8920B51-4D2D-8590-6DEC-1970F89EFEC3} = {2D4C5773-F2E7-4B04-8F12-46156D856B69}
		{911A696A-64CB-4143-97FA-6EF2321F2B03} = {64FDA4BD-9A2A-4E8B-88DF-5287C31345E5}
		{B3903B8E-2925-47D5-881A-1B14766229F9} = {A3505243-AB29-475E-BAFC-1E19BCE46EA2}
		{2C5082C0-DDF2-4D77-9190-AFE082DC12AF} = {C9BA4A2E-251D-4E44-9DE6-988A9DE5EA47}
	EndGlobalSection
	GlobalSection(ExtensibilityGlobals) = postSolution
		SolutionGuid = {E41895A6-62E2-44CE-A53D-4A1DBA16DD78}
	EndGlobalSection
EndGlobal
