
Microsoft Visual Studio Solution File, Format Version 12.00
# Visual Studio Version 17
VisualStudioVersion = 17.13.35825.156 d17.13
MinimumVisualStudioVersion = 10.0.40219.1
Project("{FAE04EC0-301F-11D3-BF4B-00C04F79EFBC}") = "AcademyIO.Core", "AcademyIO.Core.csproj", "{665D7A10-56B4-4C0A-8651-1274A6599EC8}"
EndProject
Project("{2150E333-8FDC-42A3-9474-1A3956D46DE8}") = "Building Blocks", "Building Blocks", "{02EA681E-C7D8-13C7-8484-4AC65E1B71E8}"
EndProject
Project("{2150E333-8FDC-42A3-9474-1A3956D46DE8}") = "Core", "Core", "{48C03021-DFFB-47D9-9B2B-BECD6BF28E0A}"
EndProject
Project("{2150E333-8FDC-42A3-9474-1A3956D46DE8}") = "MessageBus", "MessageBus", "{03264466-0671-47AE-B7AF-AA7B282796B6}"
EndProject
Project("{2150E333-8FDC-42A3-9474-1A3956D46DE8}") = "Services", "Services", "{45CB0AB3-0B3A-4C33-84AB-5825025A529F}"
EndProject
Project("{2150E333-8FDC-42A3-9474-1A3956D46DE8}") = "ApiGateways", "ApiGateways", "{3BA8A6C3-DE02-4044-A39C-1510EAA3B49B}"
EndProject
Project("{2150E333-8FDC-42A3-9474-1A3956D46DE8}") = "Tests", "Tests", "{04279FDF-0F35-4FE1-A4F4-F899F14179AE}"
EndProject
Project("{2150E333-8FDC-42A3-9474-1A3956D46DE8}") = "Web", "Web", "{9CB0303A-D4E7-4D08-9EF5-752F3B89EDB7}"
EndProject
Global
	GlobalSection(SolutionConfigurationPlatforms) = preSolution
		Debug|Any CPU = Debug|Any CPU
		Release|Any CPU = Release|Any CPU
	EndGlobalSection
	GlobalSection(ProjectConfigurationPlatforms) = postSolution
		{665D7A10-56B4-4C0A-8651-1274A6599EC8}.Debug|Any CPU.ActiveCfg = Debug|Any CPU
		{665D7A10-56B4-4C0A-8651-1274A6599EC8}.Debug|Any CPU.Build.0 = Debug|Any CPU
		{665D7A10-56B4-4C0A-8651-1274A6599EC8}.Release|Any CPU.ActiveCfg = Release|Any CPU
		{665D7A10-56B4-4C0A-8651-1274A6599EC8}.Release|Any CPU.Build.0 = Release|Any CPU
	EndGlobalSection
	GlobalSection(SolutionProperties) = preSolution
		HideSolutionNode = FALSE
	EndGlobalSection
	GlobalSection(NestedProjects) = preSolution
		{665D7A10-56B4-4C0A-8651-1274A6599EC8} = {48C03021-DFFB-47D9-9B2B-BECD6BF28E0A}
		{48C03021-DFFB-47D9-9B2B-BECD6BF28E0A} = {02EA681E-C7D8-13C7-8484-4AC65E1B71E8}
		{03264466-0671-47AE-B7AF-AA7B282796B6} = {02EA681E-C7D8-13C7-8484-4AC65E1B71E8}
	EndGlobalSection
	GlobalSection(ExtensibilityGlobals) = postSolution
		SolutionGuid = {E41895A6-62E2-44CE-A53D-4A1DBA16DD78}
	EndGlobalSection
EndGlobal
